
Microsoft Visual Studio Solution File, Format Version 12.00
# Visual Studio 15
VisualStudioVersion = 15.0.28010.2050
MinimumVisualStudioVersion = 10.0.40219.1
Project("{FAE04EC0-301F-11D3-BF4B-00C04F79EFBC}") = "Entidades", "Entidades\Entidades.csproj", "{AE2EA954-B156-479E-9123-E0396BF121AA}"
EndProject
Project("{FAE04EC0-301F-11D3-BF4B-00C04F79EFBC}") = "MainCorreo", "MainCorreo\MainCorreo.csproj", "{EBDE8882-E53D-46E9-BF79-87A09CEA3AD8}"
EndProject
Project("{FAE04EC0-301F-11D3-BF4B-00C04F79EFBC}") = "Tests Unitarios", "Tests Unitarios\Tests Unitarios.csproj", "{2C7DE5DD-9BB5-424F-98AE-779FFC10E82A}"
EndProject
Global
	GlobalSection(SolutionConfigurationPlatforms) = preSolution
		Debug|Any CPU = Debug|Any CPU
		Release|Any CPU = Release|Any CPU
	EndGlobalSection
	GlobalSection(ProjectConfigurationPlatforms) = postSolution
		{AE2EA954-B156-479E-9123-E0396BF121AA}.Debug|Any CPU.ActiveCfg = Debug|Any CPU
		{AE2EA954-B156-479E-9123-E0396BF121AA}.Debug|Any CPU.Build.0 = Debug|Any CPU
		{AE2EA954-B156-479E-9123-E0396BF121AA}.Release|Any CPU.ActiveCfg = Release|Any CPU
		{AE2EA954-B156-479E-9123-E0396BF121AA}.Release|Any CPU.Build.0 = Release|Any CPU
		{EBDE8882-E53D-46E9-BF79-87A09CEA3AD8}.Debug|Any CPU.ActiveCfg = Debug|Any CPU
		{EBDE8882-E53D-46E9-BF79-87A09CEA3AD8}.Debug|Any CPU.Build.0 = Debug|Any CPU
		{EBDE8882-E53D-46E9-BF79-87A09CEA3AD8}.Release|Any CPU.ActiveCfg = Release|Any CPU
		{EBDE8882-E53D-46E9-BF79-87A09CEA3AD8}.Release|Any CPU.Build.0 = Release|Any CPU
		{2C7DE5DD-9BB5-424F-98AE-779FFC10E82A}.Debug|Any CPU.ActiveCfg = Debug|Any CPU
		{2C7DE5DD-9BB5-424F-98AE-779FFC10E82A}.Debug|Any CPU.Build.0 = Debug|Any CPU
		{2C7DE5DD-9BB5-424F-98AE-779FFC10E82A}.Release|Any CPU.ActiveCfg = Release|Any CPU
		{2C7DE5DD-9BB5-424F-98AE-779FFC10E82A}.Release|Any CPU.Build.0 = Release|Any CPU
	EndGlobalSection
	GlobalSection(SolutionProperties) = preSolution
		HideSolutionNode = FALSE
	EndGlobalSection
	GlobalSection(ExtensibilityGlobals) = postSolution
		SolutionGuid = {725A3F31-7750-409E-B66B-65B8BA43083A}
	EndGlobalSection
EndGlobal
